// !$*UTF8*$!
{
	archiveVersion = 1;
	classes = {
	};
	objectVersion = 46;
	objects = {

/* Begin PBXBuildFile section */
		78E071021860902A007A578D /* Foundation.framework in Frameworks */ = {isa = PBXBuildFile; fileRef = 78E071011860902A007A578D /* Foundation.framework */; };
		78E071041860902A007A578D /* CoreGraphics.framework in Frameworks */ = {isa = PBXBuildFile; fileRef = 78E071031860902A007A578D /* CoreGraphics.framework */; };
		78E071061860902A007A578D /* UIKit.framework in Frameworks */ = {isa = PBXBuildFile; fileRef = 78E071051860902A007A578D /* UIKit.framework */; };
		78E0710C1860902A007A578D /* InfoPlist.strings in Resources */ = {isa = PBXBuildFile; fileRef = 78E0710A1860902A007A578D /* InfoPlist.strings */; };
		78E0710E1860902A007A578D /* main.m in Sources */ = {isa = PBXBuildFile; fileRef = 78E0710D1860902A007A578D /* main.m */; };
		78E071121860902A007A578D /* AppDelegate.m in Sources */ = {isa = PBXBuildFile; fileRef = 78E071111860902A007A578D /* AppDelegate.m */; };
		78E071151860902A007A578D /* Main_iPhone.storyboard in Resources */ = {isa = PBXBuildFile; fileRef = 78E071131860902A007A578D /* Main_iPhone.storyboard */; };
		78E0711B1860902A007A578D /* ViewController.m in Sources */ = {isa = PBXBuildFile; fileRef = 78E0711A1860902A007A578D /* ViewController.m */; };
		78E0711D1860902A007A578D /* Images.xcassets in Resources */ = {isa = PBXBuildFile; fileRef = 78E0711C1860902A007A578D /* Images.xcassets */; };
		78E071241860902A007A578D /* XCTest.framework in Frameworks */ = {isa = PBXBuildFile; fileRef = 78E071231860902A007A578D /* XCTest.framework */; };
		78E071251860902A007A578D /* Foundation.framework in Frameworks */ = {isa = PBXBuildFile; fileRef = 78E071011860902A007A578D /* Foundation.framework */; };
		78E071261860902A007A578D /* UIKit.framework in Frameworks */ = {isa = PBXBuildFile; fileRef = 78E071051860902A007A578D /* UIKit.framework */; };
		78E0712E1860902A007A578D /* InfoPlist.strings in Resources */ = {isa = PBXBuildFile; fileRef = 78E0712C1860902A007A578D /* InfoPlist.strings */; };
		78E071301860902A007A578D /* LEXCODEplayerDemoTests.m in Sources */ = {isa = PBXBuildFile; fileRef = 78E0712F1860902A007A578D /* LEXCODEplayerDemoTests.m */; };
		78E0713A18609607007A578D /* AVFoundation.framework in Frameworks */ = {isa = PBXBuildFile; fileRef = 78E0713918609607007A578D /* AVFoundation.framework */; };
		78E0713C1860DC1A007A578D /* simon.mp3 in Resources */ = {isa = PBXBuildFile; fileRef = 78E0713B1860DC1A007A578D /* simon.mp3 */; };
/* End PBXBuildFile section */

/* Begin PBXContainerItemProxy section */
		78E071271860902A007A578D /* PBXContainerItemProxy */ = {
			isa = PBXContainerItemProxy;
			containerPortal = 78E070F61860902A007A578D /* Project object */;
			proxyType = 1;
			remoteGlobalIDString = 78E070FD1860902A007A578D;
			remoteInfo = LEXCODEplayerDemo;
		};
/* End PBXContainerItemProxy section */

/* Begin PBXFileReference section */
		78E070FE1860902A007A578D /* LEXCODEplayerDemo.app */ = {isa = PBXFileReference; explicitFileType = wrapper.application; includeInIndex = 0; path = LEXCODEplayerDemo.app; sourceTree = BUILT_PRODUCTS_DIR; };
		78E071011860902A007A578D /* Foundation.framework */ = {isa = PBXFileReference; lastKnownFileType = wrapper.framework; name = Foundation.framework; path = System/Library/Frameworks/Foundation.framework; sourceTree = SDKROOT; };
		78E071031860902A007A578D /* CoreGraphics.framework */ = {isa = PBXFileReference; lastKnownFileType = wrapper.framework; name = CoreGraphics.framework; path = System/Library/Frameworks/CoreGraphics.framework; sourceTree = SDKROOT; };
		78E071051860902A007A578D /* UIKit.framework */ = {isa = PBXFileReference; lastKnownFileType = wrapper.framework; name = UIKit.framework; path = System/Library/Frameworks/UIKit.framework; sourceTree = SDKROOT; };
		78E071091860902A007A578D /* LEXCODEplayerDemo-Info.plist */ = {isa = PBXFileReference; lastKnownFileType = text.plist.xml; path = "LEXCODEplayerDemo-Info.plist"; sourceTree = "<group>"; };
		78E0710B1860902A007A578D /* en */ = {isa = PBXFileReference; lastKnownFileType = text.plist.strings; name = en; path = en.lproj/InfoPlist.strings; sourceTree = "<group>"; };
		78E0710D1860902A007A578D /* main.m */ = {isa = PBXFileReference; lastKnownFileType = sourcecode.c.objc; path = main.m; sourceTree = "<group>"; };
		78E0710F1860902A007A578D /* LEXCODEplayerDemo-Prefix.pch */ = {isa = PBXFileReference; lastKnownFileType = sourcecode.c.h; path = "LEXCODEplayerDemo-Prefix.pch"; sourceTree = "<group>"; };
		78E071101860902A007A578D /* AppDelegate.h */ = {isa = PBXFileReference; lastKnownFileType = sourcecode.c.h; path = AppDelegate.h; sourceTree = "<group>"; };
		78E071111860902A007A578D /* AppDelegate.m */ = {isa = PBXFileReference; lastKnownFileType = sourcecode.c.objc; path = AppDelegate.m; sourceTree = "<group>"; };
		78E071141860902A007A578D /* Base */ = {isa = PBXFileReference; lastKnownFileType = file.storyboard; name = Base; path = Base.lproj/Main_iPhone.storyboard; sourceTree = "<group>"; };
		78E071191860902A007A578D /* ViewController.h */ = {isa = PBXFileReference; lastKnownFileType = sourcecode.c.h; path = ViewController.h; sourceTree = "<group>"; };
		78E0711A1860902A007A578D /* ViewController.m */ = {isa = PBXFileReference; lastKnownFileType = sourcecode.c.objc; path = ViewController.m; sourceTree = "<group>"; };
		78E0711C1860902A007A578D /* Images.xcassets */ = {isa = PBXFileReference; lastKnownFileType = folder.assetcatalog; path = Images.xcassets; sourceTree = "<group>"; };
		78E071221860902A007A578D /* LEXCODEplayerDemoTests.xctest */ = {isa = PBXFileReference; explicitFileType = wrapper.cfbundle; includeInIndex = 0; path = LEXCODEplayerDemoTests.xctest; sourceTree = BUILT_PRODUCTS_DIR; };
		78E071231860902A007A578D /* XCTest.framework */ = {isa = PBXFileReference; lastKnownFileType = wrapper.framework; name = XCTest.framework; path = Library/Frameworks/XCTest.framework; sourceTree = DEVELOPER_DIR; };
		78E0712B1860902A007A578D /* LEXCODEplayerDemoTests-Info.plist */ = {isa = PBXFileReference; lastKnownFileType = text.plist.xml; path = "LEXCODEplayerDemoTests-Info.plist"; sourceTree = "<group>"; };
		78E0712D1860902A007A578D /* en */ = {isa = PBXFileReference; lastKnownFileType = text.plist.strings; name = en; path = en.lproj/InfoPlist.strings; sourceTree = "<group>"; };
		78E0712F1860902A007A578D /* LEXCODEplayerDemoTests.m */ = {isa = PBXFileReference; lastKnownFileType = sourcecode.c.objc; path = LEXCODEplayerDemoTests.m; sourceTree = "<group>"; };
		78E0713918609607007A578D /* AVFoundation.framework */ = {isa = PBXFileReference; lastKnownFileType = wrapper.framework; name = AVFoundation.framework; path = System/Library/Frameworks/AVFoundation.framework; sourceTree = SDKROOT; };
		78E0713B1860DC1A007A578D /* simon.mp3 */ = {isa = PBXFileReference; lastKnownFileType = audio.mp3; path = simon.mp3; sourceTree = "<group>"; };
/* End PBXFileReference section */

/* Begin PBXFrameworksBuildPhase section */
		78E070FB1860902A007A578D /* Frameworks */ = {
			isa = PBXFrameworksBuildPhase;
			buildActionMask = 2147483647;
			files = (
				78E0713A18609607007A578D /* AVFoundation.framework in Frameworks */,
				78E071041860902A007A578D /* CoreGraphics.framework in Frameworks */,
				78E071061860902A007A578D /* UIKit.framework in Frameworks */,
				78E071021860902A007A578D /* Foundation.framework in Frameworks */,
			);
			runOnlyForDeploymentPostprocessing = 0;
		};
		78E0711F1860902A007A578D /* Frameworks */ = {
			isa = PBXFrameworksBuildPhase;
			buildActionMask = 2147483647;
			files = (
				78E071241860902A007A578D /* XCTest.framework in Frameworks */,
				78E071261860902A007A578D /* UIKit.framework in Frameworks */,
				78E071251860902A007A578D /* Foundation.framework in Frameworks */,
			);
			runOnlyForDeploymentPostprocessing = 0;
		};
/* End PBXFrameworksBuildPhase section */

/* Begin PBXGroup section */
		78E070F51860902A007A578D = {
			isa = PBXGroup;
			children = (
				78E0713B1860DC1A007A578D /* simon.mp3 */,
				78E071071860902A007A578D /* LEXCODEplayerDemo */,
				78E071291860902A007A578D /* LEXCODEplayerDemoTests */,
				78E071001860902A007A578D /* Frameworks */,
				78E070FF1860902A007A578D /* Products */,
			);
			sourceTree = "<group>";
		};
		78E070FF1860902A007A578D /* Products */ = {
			isa = PBXGroup;
			children = (
				78E070FE1860902A007A578D /* LEXCODEplayerDemo.app */,
				78E071221860902A007A578D /* LEXCODEplayerDemoTests.xctest */,
			);
			name = Products;
			sourceTree = "<group>";
		};
		78E071001860902A007A578D /* Frameworks */ = {
			isa = PBXGroup;
			children = (
				78E0713918609607007A578D /* AVFoundation.framework */,
				78E071011860902A007A578D /* Foundation.framework */,
				78E071031860902A007A578D /* CoreGraphics.framework */,
				78E071051860902A007A578D /* UIKit.framework */,
				78E071231860902A007A578D /* XCTest.framework */,
			);
			name = Frameworks;
			sourceTree = "<group>";
		};
		78E071071860902A007A578D /* LEXCODEplayerDemo */ = {
			isa = PBXGroup;
			children = (
				78E071101860902A007A578D /* AppDelegate.h */,
				78E071111860902A007A578D /* AppDelegate.m */,
				78E071131860902A007A578D /* Main_iPhone.storyboard */,
				78E071191860902A007A578D /* ViewController.h */,
				78E0711A1860902A007A578D /* ViewController.m */,
				78E0711C1860902A007A578D /* Images.xcassets */,
				78E071081860902A007A578D /* Supporting Files */,
			);
			path = LEXCODEplayerDemo;
			sourceTree = "<group>";
		};
		78E071081860902A007A578D /* Supporting Files */ = {
			isa = PBXGroup;
			children = (
				78E071091860902A007A578D /* LEXCODEplayerDemo-Info.plist */,
				78E0710A1860902A007A578D /* InfoPlist.strings */,
				78E0710D1860902A007A578D /* main.m */,
				78E0710F1860902A007A578D /* LEXCODEplayerDemo-Prefix.pch */,
			);
			name = "Supporting Files";
			sourceTree = "<group>";
		};
		78E071291860902A007A578D /* LEXCODEplayerDemoTests */ = {
			isa = PBXGroup;
			children = (
				78E0712F1860902A007A578D /* LEXCODEplayerDemoTests.m */,
				78E0712A1860902A007A578D /* Supporting Files */,
			);
			path = LEXCODEplayerDemoTests;
			sourceTree = "<group>";
		};
		78E0712A1860902A007A578D /* Supporting Files */ = {
			isa = PBXGroup;
			children = (
				78E0712B1860902A007A578D /* LEXCODEplayerDemoTests-Info.plist */,
				78E0712C1860902A007A578D /* InfoPlist.strings */,
			);
			name = "Supporting Files";
			sourceTree = "<group>";
		};
/* End PBXGroup section */

/* Begin PBXNativeTarget section */
		78E070FD1860902A007A578D /* LEXCODEplayerDemo */ = {
			isa = PBXNativeTarget;
			buildConfigurationList = 78E071331860902A007A578D /* Build configuration list for PBXNativeTarget "LEXCODEplayerDemo" */;
			buildPhases = (
				78E070FA1860902A007A578D /* Sources */,
				78E070FB1860902A007A578D /* Frameworks */,
				78E070FC1860902A007A578D /* Resources */,
			);
			buildRules = (
			);
			dependencies = (
			);
			name = LEXCODEplayerDemo;
			productName = LEXCODEplayerDemo;
			productReference = 78E070FE1860902A007A578D /* LEXCODEplayerDemo.app */;
			productType = "com.apple.product-type.application";
		};
		78E071211860902A007A578D /* LEXCODEplayerDemoTests */ = {
			isa = PBXNativeTarget;
			buildConfigurationList = 78E071361860902A007A578D /* Build configuration list for PBXNativeTarget "LEXCODEplayerDemoTests" */;
			buildPhases = (
				78E0711E1860902A007A578D /* Sources */,
				78E0711F1860902A007A578D /* Frameworks */,
				78E071201860902A007A578D /* Resources */,
			);
			buildRules = (
			);
			dependencies = (
				78E071281860902A007A578D /* PBXTargetDependency */,
			);
			name = LEXCODEplayerDemoTests;
			productName = LEXCODEplayerDemoTests;
			productReference = 78E071221860902A007A578D /* LEXCODEplayerDemoTests.xctest */;
			productType = "com.apple.product-type.bundle.unit-test";
		};
/* End PBXNativeTarget section */

/* Begin PBXProject section */
		78E070F61860902A007A578D /* Project object */ = {
			isa = PBXProject;
			attributes = {
				LastUpgradeCheck = 0500;
				ORGANIZATIONNAME = "David de la Puente";
				TargetAttributes = {
					78E071211860902A007A578D = {
						TestTargetID = 78E070FD1860902A007A578D;
					};
				};
			};
			buildConfigurationList = 78E070F91860902A007A578D /* Build configuration list for PBXProject "LEXCODEplayerDemo" */;
			compatibilityVersion = "Xcode 3.2";
			developmentRegion = English;
			hasScannedForEncodings = 0;
			knownRegions = (
				en,
				Base,
			);
			mainGroup = 78E070F51860902A007A578D;
			productRefGroup = 78E070FF1860902A007A578D /* Products */;
			projectDirPath = "";
			projectRoot = "";
			targets = (
				78E070FD1860902A007A578D /* LEXCODEplayerDemo */,
				78E071211860902A007A578D /* LEXCODEplayerDemoTests */,
			);
		};
/* End PBXProject section */

/* Begin PBXResourcesBuildPhase section */
		78E070FC1860902A007A578D /* Resources */ = {
			isa = PBXResourcesBuildPhase;
			buildActionMask = 2147483647;
			files = (
				78E0711D1860902A007A578D /* Images.xcassets in Resources */,
				78E0713C1860DC1A007A578D /* simon.mp3 in Resources */,
				78E071151860902A007A578D /* Main_iPhone.storyboard in Resources */,
				78E0710C1860902A007A578D /* InfoPlist.strings in Resources */,
			);
			runOnlyForDeploymentPostprocessing = 0;
		};
		78E071201860902A007A578D /* Resources */ = {
			isa = PBXResourcesBuildPhase;
			buildActionMask = 2147483647;
			files = (
				78E0712E1860902A007A578D /* InfoPlist.strings in Resources */,
			);
			runOnlyForDeploymentPostprocessing = 0;
		};
/* End PBXResourcesBuildPhase section */

/* Begin PBXSourcesBuildPhase section */
		78E070FA1860902A007A578D /* Sources */ = {
			isa = PBXSourcesBuildPhase;
			buildActionMask = 2147483647;
			files = (
				78E0711B1860902A007A578D /* ViewController.m in Sources */,
				78E071121860902A007A578D /* AppDelegate.m in Sources */,
				78E0710E1860902A007A578D /* main.m in Sources */,
			);
			runOnlyForDeploymentPostprocessing = 0;
		};
		78E0711E1860902A007A578D /* Sources */ = {
			isa = PBXSourcesBuildPhase;
			buildActionMask = 2147483647;
			files = (
				78E071301860902A007A578D /* LEXCODEplayerDemoTests.m in Sources */,
			);
			runOnlyForDeploymentPostprocessing = 0;
		};
/* End PBXSourcesBuildPhase section */

/* Begin PBXTargetDependency section */
		78E071281860902A007A578D /* PBXTargetDependency */ = {
			isa = PBXTargetDependency;
			target = 78E070FD1860902A007A578D /* LEXCODEplayerDemo */;
			targetProxy = 78E071271860902A007A578D /* PBXContainerItemProxy */;
		};
/* End PBXTargetDependency section */

/* Begin PBXVariantGroup section */
		78E0710A1860902A007A578D /* InfoPlist.strings */ = {
			isa = PBXVariantGroup;
			children = (
				78E0710B1860902A007A578D /* en */,
			);
			name = InfoPlist.strings;
			sourceTree = "<group>";
		};
		78E071131860902A007A578D /* Main_iPhone.storyboard */ = {
			isa = PBXVariantGroup;
			children = (
				78E071141860902A007A578D /* Base */,
			);
			name = Main_iPhone.storyboard;
			sourceTree = "<group>";
		};
		78E0712C1860902A007A578D /* InfoPlist.strings */ = {
			isa = PBXVariantGroup;
			children = (
				78E0712D1860902A007A578D /* en */,
			);
			name = InfoPlist.strings;
			sourceTree = "<group>";
		};
/* End PBXVariantGroup section */

/* Begin XCBuildConfiguration section */
		78E071311860902A007A578D /* Debug */ = {
			isa = XCBuildConfiguration;
			buildSettings = {
				ALWAYS_SEARCH_USER_PATHS = NO;
				ARCHS = "$(ARCHS_STANDARD_INCLUDING_64_BIT)";
				CLANG_CXX_LANGUAGE_STANDARD = "gnu++0x";
				CLANG_CXX_LIBRARY = "libc++";
				CLANG_ENABLE_MODULES = YES;
				CLANG_ENABLE_OBJC_ARC = YES;
				CLANG_WARN_BOOL_CONVERSION = YES;
				CLANG_WARN_CONSTANT_CONVERSION = YES;
				CLANG_WARN_DIRECT_OBJC_ISA_USAGE = YES_ERROR;
				CLANG_WARN_EMPTY_BODY = YES;
				CLANG_WARN_ENUM_CONVERSION = YES;
				CLANG_WARN_INT_CONVERSION = YES;
				CLANG_WARN_OBJC_ROOT_CLASS = YES_ERROR;
				CLANG_WARN__DUPLICATE_METHOD_MATCH = YES;
				"CODE_SIGN_IDENTITY[sdk=iphoneos*]" = "iPhone Developer";
				COPY_PHASE_STRIP = NO;
				GCC_C_LANGUAGE_STANDARD = gnu99;
				GCC_DYNAMIC_NO_PIC = NO;
				GCC_OPTIMIZATION_LEVEL = 0;
				GCC_PREPROCESSOR_DEFINITIONS = (
					"DEBUG=1",
					"$(inherited)",
				);
				GCC_SYMBOLS_PRIVATE_EXTERN = NO;
				GCC_WARN_64_TO_32_BIT_CONVERSION = YES;
				GCC_WARN_ABOUT_RETURN_TYPE = YES_ERROR;
				GCC_WARN_UNDECLARED_SELECTOR = YES;
				GCC_WARN_UNINITIALIZED_AUTOS = YES;
				GCC_WARN_UNUSED_FUNCTION = YES;
				GCC_WARN_UNUSED_VARIABLE = YES;
				IPHONEOS_DEPLOYMENT_TARGET = 7.0;
				ONLY_ACTIVE_ARCH = YES;
				SDKROOT = iphoneos;
				TARGETED_DEVICE_FAMILY = "1,2";
			};
			name = Debug;
		};
		78E071321860902A007A578D /* Release */ = {
			isa = XCBuildConfiguration;
			buildSettings = {
				ALWAYS_SEARCH_USER_PATHS = NO;
				ARCHS = "$(ARCHS_STANDARD_INCLUDING_64_BIT)";
				CLANG_CXX_LANGUAGE_STANDARD = "gnu++0x";
				CLANG_CXX_LIBRARY = "libc++";
				CLANG_ENABLE_MODULES = YES;
				CLANG_ENABLE_OBJC_ARC = YES;
				CLANG_WARN_BOOL_CONVERSION = YES;
				CLANG_WARN_CONSTANT_CONVERSION = YES;
				CLANG_WARN_DIRECT_OBJC_ISA_USAGE = YES_ERROR;
				CLANG_WARN_EMPTY_BODY = YES;
				CLANG_WARN_ENUM_CONVERSION = YES;
				CLANG_WARN_INT_CONVERSION = YES;
				CLANG_WARN_OBJC_ROOT_CLASS = YES_ERROR;
				CLANG_WARN__DUPLICATE_METHOD_MATCH = YES;
				"CODE_SIGN_IDENTITY[sdk=iphoneos*]" = "iPhone Developer";
				COPY_PHASE_STRIP = YES;
				ENABLE_NS_ASSERTIONS = NO;
				GCC_C_LANGUAGE_STANDARD = gnu99;
				GCC_WARN_64_TO_32_BIT_CONVERSION = YES;
				GCC_WARN_ABOUT_RETURN_TYPE = YES_ERROR;
				GCC_WARN_UNDECLARED_SELECTOR = YES;
				GCC_WARN_UNINITIALIZED_AUTOS = YES;
				GCC_WARN_UNUSED_FUNCTION = YES;
				GCC_WARN_UNUSED_VARIABLE = YES;
				IPHONEOS_DEPLOYMENT_TARGET = 7.0;
				SDKROOT = iphoneos;
				TARGETED_DEVICE_FAMILY = "1,2";
				VALIDATE_PRODUCT = YES;
			};
			name = Release;
		};
		78E071341860902A007A578D /* Debug */ = {
			isa = XCBuildConfiguration;
			buildSettings = {
				ASSETCATALOG_COMPILER_APPICON_NAME = AppIcon;
				ASSETCATALOG_COMPILER_LAUNCHIMAGE_NAME = LaunchImage;
				GCC_PRECOMPILE_PREFIX_HEADER = YES;
				GCC_PREFIX_HEADER = "LEXCODEplayerDemo/LEXCODEplayerDemo-Prefix.pch";
				INFOPLIST_FILE = "LEXCODEplayerDemo/LEXCODEplayerDemo-Info.plist";
				PRODUCT_NAME = "$(TARGET_NAME)";
				WRAPPER_EXTENSION = app;
			};
			name = Debug;
		};
		78E071351860902A007A578D /* Release */ = {
			isa = XCBuildConfiguration;
			buildSettings = {
				ASSETCATALOG_COMPILER_APPICON_NAME = AppIcon;
				ASSETCATALOG_COMPILER_LAUNCHIMAGE_NAME = LaunchImage;
				GCC_PRECOMPILE_PREFIX_HEADER = YES;
				GCC_PREFIX_HEADER = "LEXCODEplayerDemo/LEXCODEplayerDemo-Prefix.pch";
				INFOPLIST_FILE = "LEXCODEplayerDemo/LEXCODEplayerDemo-Info.plist";
				PRODUCT_NAME = "$(TARGET_NAME)";
				WRAPPER_EXTENSION = app;
			};
			name = Release;
		};
		78E071371860902A007A578D /* Debug */ = {
			isa = XCBuildConfiguration;
			buildSettings = {
				ARCHS = "$(ARCHS_STANDARD_INCLUDING_64_BIT)";
				BUNDLE_LOADER = "$(BUILT_PRODUCTS_DIR)/LEXCODEplayerDemo.app/LEXCODEplayerDemo";
				FRAMEWORK_SEARCH_PATHS = (
					"$(SDKROOT)/Developer/Library/Frameworks",
					"$(inherited)",
					"$(DEVELOPER_FRAMEWORKS_DIR)",
				);
				GCC_PRECOMPILE_PREFIX_HEADER = YES;
				GCC_PREFIX_HEADER = "LEXCODEplayerDemo/LEXCODEplayerDemo-Prefix.pch";
				GCC_PREPROCESSOR_DEFINITIONS = (
					"DEBUG=1",
					"$(inherited)",
				);
				INFOPLIST_FILE = "LEXCODEplayerDemoTests/LEXCODEplayerDemoTests-Info.plist";
				PRODUCT_NAME = "$(TARGET_NAME)";
				TEST_HOST = "$(BUNDLE_LOADER)";
				WRAPPER_EXTENSION = xctest;
			};
			name = Debug;
		};
		78E071381860902A007A578D /* Release */ = {
			isa = XCBuildConfiguration;
			buildSettings = {
				ARCHS = "$(ARCHS_STANDARD_INCLUDING_64_BIT)";
				BUNDLE_LOADER = "$(BUILT_PRODUCTS_DIR)/LEXCODEplayerDemo.app/LEXCODEplayerDemo";
				FRAMEWORK_SEARCH_PATHS = (
					"$(SDKROOT)/Developer/Library/Frameworks",
					"$(inherited)",
					"$(DEVELOPER_FRAMEWORKS_DIR)",
				);
				GCC_PRECOMPILE_PREFIX_HEADER = YES;
				GCC_PREFIX_HEADER = "LEXCODEplayerDemo/LEXCODEplayerDemo-Prefix.pch";
				INFOPLIST_FILE = "LEXCODEplayerDemoTests/LEXCODEplayerDemoTests-Info.plist";
				PRODUCT_NAME = "$(TARGET_NAME)";
				TEST_HOST = "$(BUNDLE_LOADER)";
				WRAPPER_EXTENSION = xctest;
			};
			name = Release;
		};
/* End XCBuildConfiguration section */

/* Begin XCConfigurationList section */
		78E070F91860902A007A578D /* Build configuration list for PBXProject "LEXCODEplayerDemo" */ = {
			isa = XCConfigurationList;
			buildConfigurations = (
				78E071311860902A007A578D /* Debug */,
				78E071321860902A007A578D /* Release */,
			);
			defaultConfigurationIsVisible = 0;
			defaultConfigurationName = Release;
		};
		78E071331860902A007A578D /* Build configuration list for PBXNativeTarget "LEXCODEplayerDemo" */ = {
			isa = XCConfigurationList;
			buildConfigurations = (
				78E071341860902A007A578D /* Debug */,
				78E071351860902A007A578D /* Release */,
			);
			defaultConfigurationIsVisible = 0;
		};
		78E071361860902A007A578D /* Build configuration list for PBXNativeTarget "LEXCODEplayerDemoTests" */ = {
			isa = XCConfigurationList;
			buildConfigurations = (
				78E071371860902A007A578D /* Debug */,
				78E071381860902A007A578D /* Release */,
			);
			defaultConfigurationIsVisible = 0;
		};
/* End XCConfigurationList section */
	};
	rootObject = 78E070F61860902A007A578D /* Project object */;
}
