// !$*UTF8*$!
{
	archiveVersion = 1;
	classes = {
	};
	objectVersion = 46;
	objects = {

/* Begin PBXBuildFile section */
		7874418C18323C4B00C27912 /* Foundation.framework in Frameworks */ = {isa = PBXBuildFile; fileRef = 7874418B18323C4B00C27912 /* Foundation.framework */; };
		7874418E18323C4B00C27912 /* CoreGraphics.framework in Frameworks */ = {isa = PBXBuildFile; fileRef = 7874418D18323C4B00C27912 /* CoreGraphics.framework */; };
		7874419018323C4B00C27912 /* UIKit.framework in Frameworks */ = {isa = PBXBuildFile; fileRef = 7874418F18323C4B00C27912 /* UIKit.framework */; };
		7874419618323C4B00C27912 /* InfoPlist.strings in Resources */ = {isa = PBXBuildFile; fileRef = 7874419418323C4B00C27912 /* InfoPlist.strings */; };
		7874419818323C4B00C27912 /* main.m in Sources */ = {isa = PBXBuildFile; fileRef = 7874419718323C4B00C27912 /* main.m */; };
		7874419C18323C4B00C27912 /* AppDelegate.m in Sources */ = {isa = PBXBuildFile; fileRef = 7874419B18323C4B00C27912 /* AppDelegate.m */; };
		7874419F18323C4B00C27912 /* Main.storyboard in Resources */ = {isa = PBXBuildFile; fileRef = 7874419D18323C4B00C27912 /* Main.storyboard */; };
		787441A418323C4B00C27912 /* Images.xcassets in Resources */ = {isa = PBXBuildFile; fileRef = 787441A318323C4B00C27912 /* Images.xcassets */; };
		787441AB18323C4B00C27912 /* XCTest.framework in Frameworks */ = {isa = PBXBuildFile; fileRef = 787441AA18323C4B00C27912 /* XCTest.framework */; };
		787441AC18323C4B00C27912 /* Foundation.framework in Frameworks */ = {isa = PBXBuildFile; fileRef = 7874418B18323C4B00C27912 /* Foundation.framework */; };
		787441AD18323C4B00C27912 /* UIKit.framework in Frameworks */ = {isa = PBXBuildFile; fileRef = 7874418F18323C4B00C27912 /* UIKit.framework */; };
		787441B518323C4C00C27912 /* InfoPlist.strings in Resources */ = {isa = PBXBuildFile; fileRef = 787441B318323C4C00C27912 /* InfoPlist.strings */; };
		787441B718323C4C00C27912 /* SlideMenuTests.m in Sources */ = {isa = PBXBuildFile; fileRef = 787441B618323C4C00C27912 /* SlideMenuTests.m */; };
		787441C318323CE100C27912 /* ECSlidingViewController.m in Sources */ = {isa = PBXBuildFile; fileRef = 787441C218323CE100C27912 /* ECSlidingViewController.m */; };
		787441C618323D2700C27912 /* InitViewController.m in Sources */ = {isa = PBXBuildFile; fileRef = 787441C518323D2700C27912 /* InitViewController.m */; };
		787441CC18323DCC00C27912 /* PrincipalViewController.m in Sources */ = {isa = PBXBuildFile; fileRef = 787441CB18323DCC00C27912 /* PrincipalViewController.m */; };
		787441CF18323DF500C27912 /* SegundaViewController.m in Sources */ = {isa = PBXBuildFile; fileRef = 787441CE18323DF500C27912 /* SegundaViewController.m */; };
		787441D2183240D400C27912 /* MenuOpcionesViewController.m in Sources */ = {isa = PBXBuildFile; fileRef = 787441D1183240D400C27912 /* MenuOpcionesViewController.m */; };
		787441D61832598D00C27912 /* menu-boton@2x.png in Resources */ = {isa = PBXBuildFile; fileRef = 787441D51832598D00C27912 /* menu-boton@2x.png */; };
/* End PBXBuildFile section */

/* Begin PBXContainerItemProxy section */
		787441AE18323C4B00C27912 /* PBXContainerItemProxy */ = {
			isa = PBXContainerItemProxy;
			containerPortal = 7874418018323C4A00C27912 /* Project object */;
			proxyType = 1;
			remoteGlobalIDString = 7874418718323C4B00C27912;
			remoteInfo = SlideMenu;
		};
/* End PBXContainerItemProxy section */

/* Begin PBXFileReference section */
		7874418818323C4B00C27912 /* SlideMenu.app */ = {isa = PBXFileReference; explicitFileType = wrapper.application; includeInIndex = 0; path = SlideMenu.app; sourceTree = BUILT_PRODUCTS_DIR; };
		7874418B18323C4B00C27912 /* Foundation.framework */ = {isa = PBXFileReference; lastKnownFileType = wrapper.framework; name = Foundation.framework; path = System/Library/Frameworks/Foundation.framework; sourceTree = SDKROOT; };
		7874418D18323C4B00C27912 /* CoreGraphics.framework */ = {isa = PBXFileReference; lastKnownFileType = wrapper.framework; name = CoreGraphics.framework; path = System/Library/Frameworks/CoreGraphics.framework; sourceTree = SDKROOT; };
		7874418F18323C4B00C27912 /* UIKit.framework */ = {isa = PBXFileReference; lastKnownFileType = wrapper.framework; name = UIKit.framework; path = System/Library/Frameworks/UIKit.framework; sourceTree = SDKROOT; };
		7874419318323C4B00C27912 /* SlideMenu-Info.plist */ = {isa = PBXFileReference; lastKnownFileType = text.plist.xml; path = "SlideMenu-Info.plist"; sourceTree = "<group>"; };
		7874419518323C4B00C27912 /* en */ = {isa = PBXFileReference; lastKnownFileType = text.plist.strings; name = en; path = en.lproj/InfoPlist.strings; sourceTree = "<group>"; };
		7874419718323C4B00C27912 /* main.m */ = {isa = PBXFileReference; lastKnownFileType = sourcecode.c.objc; path = main.m; sourceTree = "<group>"; };
		7874419918323C4B00C27912 /* SlideMenu-Prefix.pch */ = {isa = PBXFileReference; lastKnownFileType = sourcecode.c.h; path = "SlideMenu-Prefix.pch"; sourceTree = "<group>"; };
		7874419A18323C4B00C27912 /* AppDelegate.h */ = {isa = PBXFileReference; lastKnownFileType = sourcecode.c.h; path = AppDelegate.h; sourceTree = "<group>"; };
		7874419B18323C4B00C27912 /* AppDelegate.m */ = {isa = PBXFileReference; lastKnownFileType = sourcecode.c.objc; path = AppDelegate.m; sourceTree = "<group>"; };
		7874419E18323C4B00C27912 /* Base */ = {isa = PBXFileReference; lastKnownFileType = file.storyboard; name = Base; path = Base.lproj/Main.storyboard; sourceTree = "<group>"; };
		787441A318323C4B00C27912 /* Images.xcassets */ = {isa = PBXFileReference; lastKnownFileType = folder.assetcatalog; path = Images.xcassets; sourceTree = "<group>"; };
		787441A918323C4B00C27912 /* SlideMenuTests.xctest */ = {isa = PBXFileReference; explicitFileType = wrapper.cfbundle; includeInIndex = 0; path = SlideMenuTests.xctest; sourceTree = BUILT_PRODUCTS_DIR; };
		787441AA18323C4B00C27912 /* XCTest.framework */ = {isa = PBXFileReference; lastKnownFileType = wrapper.framework; name = XCTest.framework; path = Library/Frameworks/XCTest.framework; sourceTree = DEVELOPER_DIR; };
		787441B218323C4C00C27912 /* SlideMenuTests-Info.plist */ = {isa = PBXFileReference; lastKnownFileType = text.plist.xml; path = "SlideMenuTests-Info.plist"; sourceTree = "<group>"; };
		787441B418323C4C00C27912 /* en */ = {isa = PBXFileReference; lastKnownFileType = text.plist.strings; name = en; path = en.lproj/InfoPlist.strings; sourceTree = "<group>"; };
		787441B618323C4C00C27912 /* SlideMenuTests.m */ = {isa = PBXFileReference; lastKnownFileType = sourcecode.c.objc; path = SlideMenuTests.m; sourceTree = "<group>"; };
		787441C118323CE100C27912 /* ECSlidingViewController.h */ = {isa = PBXFileReference; fileEncoding = 4; lastKnownFileType = sourcecode.c.h; path = ECSlidingViewController.h; sourceTree = "<group>"; };
		787441C218323CE100C27912 /* ECSlidingViewController.m */ = {isa = PBXFileReference; fileEncoding = 4; lastKnownFileType = sourcecode.c.objc; path = ECSlidingViewController.m; sourceTree = "<group>"; };
		787441C418323D2700C27912 /* InitViewController.h */ = {isa = PBXFileReference; fileEncoding = 4; lastKnownFileType = sourcecode.c.h; path = InitViewController.h; sourceTree = "<group>"; };
		787441C518323D2700C27912 /* InitViewController.m */ = {isa = PBXFileReference; fileEncoding = 4; lastKnownFileType = sourcecode.c.objc; path = InitViewController.m; sourceTree = "<group>"; };
		787441CA18323DCC00C27912 /* PrincipalViewController.h */ = {isa = PBXFileReference; fileEncoding = 4; lastKnownFileType = sourcecode.c.h; path = PrincipalViewController.h; sourceTree = "<group>"; };
		787441CB18323DCC00C27912 /* PrincipalViewController.m */ = {isa = PBXFileReference; fileEncoding = 4; lastKnownFileType = sourcecode.c.objc; path = PrincipalViewController.m; sourceTree = "<group>"; };
		787441CD18323DF500C27912 /* SegundaViewController.h */ = {isa = PBXFileReference; fileEncoding = 4; lastKnownFileType = sourcecode.c.h; path = SegundaViewController.h; sourceTree = "<group>"; };
		787441CE18323DF500C27912 /* SegundaViewController.m */ = {isa = PBXFileReference; fileEncoding = 4; lastKnownFileType = sourcecode.c.objc; path = SegundaViewController.m; sourceTree = "<group>"; };
		787441D0183240D400C27912 /* MenuOpcionesViewController.h */ = {isa = PBXFileReference; fileEncoding = 4; lastKnownFileType = sourcecode.c.h; path = MenuOpcionesViewController.h; sourceTree = "<group>"; };
		787441D1183240D400C27912 /* MenuOpcionesViewController.m */ = {isa = PBXFileReference; fileEncoding = 4; lastKnownFileType = sourcecode.c.objc; path = MenuOpcionesViewController.m; sourceTree = "<group>"; };
		787441D51832598D00C27912 /* menu-boton@2x.png */ = {isa = PBXFileReference; lastKnownFileType = image.png; path = "menu-boton@2x.png"; sourceTree = "<group>"; };
/* End PBXFileReference section */

/* Begin PBXFrameworksBuildPhase section */
		7874418518323C4B00C27912 /* Frameworks */ = {
			isa = PBXFrameworksBuildPhase;
			buildActionMask = 2147483647;
			files = (
				7874418E18323C4B00C27912 /* CoreGraphics.framework in Frameworks */,
				7874419018323C4B00C27912 /* UIKit.framework in Frameworks */,
				7874418C18323C4B00C27912 /* Foundation.framework in Frameworks */,
			);
			runOnlyForDeploymentPostprocessing = 0;
		};
		787441A618323C4B00C27912 /* Frameworks */ = {
			isa = PBXFrameworksBuildPhase;
			buildActionMask = 2147483647;
			files = (
				787441AB18323C4B00C27912 /* XCTest.framework in Frameworks */,
				787441AD18323C4B00C27912 /* UIKit.framework in Frameworks */,
				787441AC18323C4B00C27912 /* Foundation.framework in Frameworks */,
			);
			runOnlyForDeploymentPostprocessing = 0;
		};
/* End PBXFrameworksBuildPhase section */

/* Begin PBXGroup section */
		7874417F18323C4A00C27912 = {
			isa = PBXGroup;
			children = (
				7874419118323C4B00C27912 /* SlideMenu */,
				787441B018323C4B00C27912 /* SlideMenuTests */,
				7874418A18323C4B00C27912 /* Frameworks */,
				7874418918323C4B00C27912 /* Products */,
			);
			sourceTree = "<group>";
		};
		7874418918323C4B00C27912 /* Products */ = {
			isa = PBXGroup;
			children = (
				7874418818323C4B00C27912 /* SlideMenu.app */,
				787441A918323C4B00C27912 /* SlideMenuTests.xctest */,
			);
			name = Products;
			sourceTree = "<group>";
		};
		7874418A18323C4B00C27912 /* Frameworks */ = {
			isa = PBXGroup;
			children = (
				7874418B18323C4B00C27912 /* Foundation.framework */,
				7874418D18323C4B00C27912 /* CoreGraphics.framework */,
				7874418F18323C4B00C27912 /* UIKit.framework */,
				787441AA18323C4B00C27912 /* XCTest.framework */,
			);
			name = Frameworks;
			sourceTree = "<group>";
		};
		7874419118323C4B00C27912 /* SlideMenu */ = {
			isa = PBXGroup;
			children = (
				787441D51832598D00C27912 /* menu-boton@2x.png */,
				787441C018323CE100C27912 /* ECSlidingViewController */,
				7874419A18323C4B00C27912 /* AppDelegate.h */,
				7874419B18323C4B00C27912 /* AppDelegate.m */,
				7874419D18323C4B00C27912 /* Main.storyboard */,
				787441A318323C4B00C27912 /* Images.xcassets */,
				7874419218323C4B00C27912 /* Supporting Files */,
				787441C418323D2700C27912 /* InitViewController.h */,
				787441C518323D2700C27912 /* InitViewController.m */,
				787441CA18323DCC00C27912 /* PrincipalViewController.h */,
				787441CB18323DCC00C27912 /* PrincipalViewController.m */,
				787441CD18323DF500C27912 /* SegundaViewController.h */,
				787441CE18323DF500C27912 /* SegundaViewController.m */,
				787441D0183240D400C27912 /* MenuOpcionesViewController.h */,
				787441D1183240D400C27912 /* MenuOpcionesViewController.m */,
			);
			path = SlideMenu;
			sourceTree = "<group>";
		};
		7874419218323C4B00C27912 /* Supporting Files */ = {
			isa = PBXGroup;
			children = (
				7874419318323C4B00C27912 /* SlideMenu-Info.plist */,
				7874419418323C4B00C27912 /* InfoPlist.strings */,
				7874419718323C4B00C27912 /* main.m */,
				7874419918323C4B00C27912 /* SlideMenu-Prefix.pch */,
			);
			name = "Supporting Files";
			sourceTree = "<group>";
		};
		787441B018323C4B00C27912 /* SlideMenuTests */ = {
			isa = PBXGroup;
			children = (
				787441B618323C4C00C27912 /* SlideMenuTests.m */,
				787441B118323C4C00C27912 /* Supporting Files */,
			);
			path = SlideMenuTests;
			sourceTree = "<group>";
		};
		787441B118323C4C00C27912 /* Supporting Files */ = {
			isa = PBXGroup;
			children = (
				787441B218323C4C00C27912 /* SlideMenuTests-Info.plist */,
				787441B318323C4C00C27912 /* InfoPlist.strings */,
			);
			name = "Supporting Files";
			sourceTree = "<group>";
		};
		787441C018323CE100C27912 /* ECSlidingViewController */ = {
			isa = PBXGroup;
			children = (
				787441C118323CE100C27912 /* ECSlidingViewController.h */,
				787441C218323CE100C27912 /* ECSlidingViewController.m */,
			);
			path = ECSlidingViewController;
			sourceTree = "<group>";
		};
/* End PBXGroup section */

/* Begin PBXNativeTarget section */
		7874418718323C4B00C27912 /* SlideMenu */ = {
			isa = PBXNativeTarget;
			buildConfigurationList = 787441BA18323C4C00C27912 /* Build configuration list for PBXNativeTarget "SlideMenu" */;
			buildPhases = (
				7874418418323C4B00C27912 /* Sources */,
				7874418518323C4B00C27912 /* Frameworks */,
				7874418618323C4B00C27912 /* Resources */,
			);
			buildRules = (
			);
			dependencies = (
			);
			name = SlideMenu;
			productName = SlideMenu;
			productReference = 7874418818323C4B00C27912 /* SlideMenu.app */;
			productType = "com.apple.product-type.application";
		};
		787441A818323C4B00C27912 /* SlideMenuTests */ = {
			isa = PBXNativeTarget;
			buildConfigurationList = 787441BD18323C4C00C27912 /* Build configuration list for PBXNativeTarget "SlideMenuTests" */;
			buildPhases = (
				787441A518323C4B00C27912 /* Sources */,
				787441A618323C4B00C27912 /* Frameworks */,
				787441A718323C4B00C27912 /* Resources */,
			);
			buildRules = (
			);
			dependencies = (
				787441AF18323C4B00C27912 /* PBXTargetDependency */,
			);
			name = SlideMenuTests;
			productName = SlideMenuTests;
			productReference = 787441A918323C4B00C27912 /* SlideMenuTests.xctest */;
			productType = "com.apple.product-type.bundle.unit-test";
		};
/* End PBXNativeTarget section */

/* Begin PBXProject section */
		7874418018323C4A00C27912 /* Project object */ = {
			isa = PBXProject;
			attributes = {
				LastUpgradeCheck = 0500;
				ORGANIZATIONNAME = "David de la Puente";
				TargetAttributes = {
					787441A818323C4B00C27912 = {
						TestTargetID = 7874418718323C4B00C27912;
					};
				};
			};
			buildConfigurationList = 7874418318323C4A00C27912 /* Build configuration list for PBXProject "SlideMenu" */;
			compatibilityVersion = "Xcode 3.2";
			developmentRegion = English;
			hasScannedForEncodings = 0;
			knownRegions = (
				en,
				Base,
			);
			mainGroup = 7874417F18323C4A00C27912;
			productRefGroup = 7874418918323C4B00C27912 /* Products */;
			projectDirPath = "";
			projectRoot = "";
			targets = (
				7874418718323C4B00C27912 /* SlideMenu */,
				787441A818323C4B00C27912 /* SlideMenuTests */,
			);
		};
/* End PBXProject section */

/* Begin PBXResourcesBuildPhase section */
		7874418618323C4B00C27912 /* Resources */ = {
			isa = PBXResourcesBuildPhase;
			buildActionMask = 2147483647;
			files = (
				787441A418323C4B00C27912 /* Images.xcassets in Resources */,
				7874419618323C4B00C27912 /* InfoPlist.strings in Resources */,
				787441D61832598D00C27912 /* menu-boton@2x.png in Resources */,
				7874419F18323C4B00C27912 /* Main.storyboard in Resources */,
			);
			runOnlyForDeploymentPostprocessing = 0;
		};
		787441A718323C4B00C27912 /* Resources */ = {
			isa = PBXResourcesBuildPhase;
			buildActionMask = 2147483647;
			files = (
				787441B518323C4C00C27912 /* InfoPlist.strings in Resources */,
			);
			runOnlyForDeploymentPostprocessing = 0;
		};
/* End PBXResourcesBuildPhase section */

/* Begin PBXSourcesBuildPhase section */
		7874418418323C4B00C27912 /* Sources */ = {
			isa = PBXSourcesBuildPhase;
			buildActionMask = 2147483647;
			files = (
				7874419C18323C4B00C27912 /* AppDelegate.m in Sources */,
				787441D2183240D400C27912 /* MenuOpcionesViewController.m in Sources */,
				787441CF18323DF500C27912 /* SegundaViewController.m in Sources */,
				787441CC18323DCC00C27912 /* PrincipalViewController.m in Sources */,
				7874419818323C4B00C27912 /* main.m in Sources */,
				787441C618323D2700C27912 /* InitViewController.m in Sources */,
				787441C318323CE100C27912 /* ECSlidingViewController.m in Sources */,
			);
			runOnlyForDeploymentPostprocessing = 0;
		};
		787441A518323C4B00C27912 /* Sources */ = {
			isa = PBXSourcesBuildPhase;
			buildActionMask = 2147483647;
			files = (
				787441B718323C4C00C27912 /* SlideMenuTests.m in Sources */,
			);
			runOnlyForDeploymentPostprocessing = 0;
		};
/* End PBXSourcesBuildPhase section */

/* Begin PBXTargetDependency section */
		787441AF18323C4B00C27912 /* PBXTargetDependency */ = {
			isa = PBXTargetDependency;
			target = 7874418718323C4B00C27912 /* SlideMenu */;
			targetProxy = 787441AE18323C4B00C27912 /* PBXContainerItemProxy */;
		};
/* End PBXTargetDependency section */

/* Begin PBXVariantGroup section */
		7874419418323C4B00C27912 /* InfoPlist.strings */ = {
			isa = PBXVariantGroup;
			children = (
				7874419518323C4B00C27912 /* en */,
			);
			name = InfoPlist.strings;
			sourceTree = "<group>";
		};
		7874419D18323C4B00C27912 /* Main.storyboard */ = {
			isa = PBXVariantGroup;
			children = (
				7874419E18323C4B00C27912 /* Base */,
			);
			name = Main.storyboard;
			sourceTree = "<group>";
		};
		787441B318323C4C00C27912 /* InfoPlist.strings */ = {
			isa = PBXVariantGroup;
			children = (
				787441B418323C4C00C27912 /* en */,
			);
			name = InfoPlist.strings;
			sourceTree = "<group>";
		};
/* End PBXVariantGroup section */

/* Begin XCBuildConfiguration section */
		787441B818323C4C00C27912 /* Debug */ = {
			isa = XCBuildConfiguration;
			buildSettings = {
				ALWAYS_SEARCH_USER_PATHS = NO;
				ARCHS = "$(ARCHS_STANDARD_INCLUDING_64_BIT)";
				CLANG_CXX_LANGUAGE_STANDARD = "gnu++0x";
				CLANG_CXX_LIBRARY = "libc++";
				CLANG_ENABLE_MODULES = YES;
				CLANG_ENABLE_OBJC_ARC = YES;
				CLANG_WARN_BOOL_CONVERSION = YES;
				CLANG_WARN_CONSTANT_CONVERSION = YES;
				CLANG_WARN_DIRECT_OBJC_ISA_USAGE = YES_ERROR;
				CLANG_WARN_EMPTY_BODY = YES;
				CLANG_WARN_ENUM_CONVERSION = YES;
				CLANG_WARN_INT_CONVERSION = YES;
				CLANG_WARN_OBJC_ROOT_CLASS = YES_ERROR;
				CLANG_WARN__DUPLICATE_METHOD_MATCH = YES;
				"CODE_SIGN_IDENTITY[sdk=iphoneos*]" = "iPhone Developer";
				COPY_PHASE_STRIP = NO;
				GCC_C_LANGUAGE_STANDARD = gnu99;
				GCC_DYNAMIC_NO_PIC = NO;
				GCC_OPTIMIZATION_LEVEL = 0;
				GCC_PREPROCESSOR_DEFINITIONS = (
					"DEBUG=1",
					"$(inherited)",
				);
				GCC_SYMBOLS_PRIVATE_EXTERN = NO;
				GCC_WARN_64_TO_32_BIT_CONVERSION = YES;
				GCC_WARN_ABOUT_RETURN_TYPE = YES_ERROR;
				GCC_WARN_UNDECLARED_SELECTOR = YES;
				GCC_WARN_UNINITIALIZED_AUTOS = YES;
				GCC_WARN_UNUSED_FUNCTION = YES;
				GCC_WARN_UNUSED_VARIABLE = YES;
				IPHONEOS_DEPLOYMENT_TARGET = 7.0;
				ONLY_ACTIVE_ARCH = YES;
				SDKROOT = iphoneos;
			};
			name = Debug;
		};
		787441B918323C4C00C27912 /* Release */ = {
			isa = XCBuildConfiguration;
			buildSettings = {
				ALWAYS_SEARCH_USER_PATHS = NO;
				ARCHS = "$(ARCHS_STANDARD_INCLUDING_64_BIT)";
				CLANG_CXX_LANGUAGE_STANDARD = "gnu++0x";
				CLANG_CXX_LIBRARY = "libc++";
				CLANG_ENABLE_MODULES = YES;
				CLANG_ENABLE_OBJC_ARC = YES;
				CLANG_WARN_BOOL_CONVERSION = YES;
				CLANG_WARN_CONSTANT_CONVERSION = YES;
				CLANG_WARN_DIRECT_OBJC_ISA_USAGE = YES_ERROR;
				CLANG_WARN_EMPTY_BODY = YES;
				CLANG_WARN_ENUM_CONVERSION = YES;
				CLANG_WARN_INT_CONVERSION = YES;
				CLANG_WARN_OBJC_ROOT_CLASS = YES_ERROR;
				CLANG_WARN__DUPLICATE_METHOD_MATCH = YES;
				"CODE_SIGN_IDENTITY[sdk=iphoneos*]" = "iPhone Developer";
				COPY_PHASE_STRIP = YES;
				ENABLE_NS_ASSERTIONS = NO;
				GCC_C_LANGUAGE_STANDARD = gnu99;
				GCC_WARN_64_TO_32_BIT_CONVERSION = YES;
				GCC_WARN_ABOUT_RETURN_TYPE = YES_ERROR;
				GCC_WARN_UNDECLARED_SELECTOR = YES;
				GCC_WARN_UNINITIALIZED_AUTOS = YES;
				GCC_WARN_UNUSED_FUNCTION = YES;
				GCC_WARN_UNUSED_VARIABLE = YES;
				IPHONEOS_DEPLOYMENT_TARGET = 7.0;
				SDKROOT = iphoneos;
				VALIDATE_PRODUCT = YES;
			};
			name = Release;
		};
		787441BB18323C4C00C27912 /* Debug */ = {
			isa = XCBuildConfiguration;
			buildSettings = {
				ASSETCATALOG_COMPILER_APPICON_NAME = AppIcon;
				ASSETCATALOG_COMPILER_LAUNCHIMAGE_NAME = LaunchImage;
				GCC_PRECOMPILE_PREFIX_HEADER = YES;
				GCC_PREFIX_HEADER = "SlideMenu/SlideMenu-Prefix.pch";
				INFOPLIST_FILE = "SlideMenu/SlideMenu-Info.plist";
				PRODUCT_NAME = "$(TARGET_NAME)";
				WRAPPER_EXTENSION = app;
			};
			name = Debug;
		};
		787441BC18323C4C00C27912 /* Release */ = {
			isa = XCBuildConfiguration;
			buildSettings = {
				ASSETCATALOG_COMPILER_APPICON_NAME = AppIcon;
				ASSETCATALOG_COMPILER_LAUNCHIMAGE_NAME = LaunchImage;
				GCC_PRECOMPILE_PREFIX_HEADER = YES;
				GCC_PREFIX_HEADER = "SlideMenu/SlideMenu-Prefix.pch";
				INFOPLIST_FILE = "SlideMenu/SlideMenu-Info.plist";
				PRODUCT_NAME = "$(TARGET_NAME)";
				WRAPPER_EXTENSION = app;
			};
			name = Release;
		};
		787441BE18323C4C00C27912 /* Debug */ = {
			isa = XCBuildConfiguration;
			buildSettings = {
				ARCHS = "$(ARCHS_STANDARD_INCLUDING_64_BIT)";
				BUNDLE_LOADER = "$(BUILT_PRODUCTS_DIR)/SlideMenu.app/SlideMenu";
				FRAMEWORK_SEARCH_PATHS = (
					"$(SDKROOT)/Developer/Library/Frameworks",
					"$(inherited)",
					"$(DEVELOPER_FRAMEWORKS_DIR)",
				);
				GCC_PRECOMPILE_PREFIX_HEADER = YES;
				GCC_PREFIX_HEADER = "SlideMenu/SlideMenu-Prefix.pch";
				GCC_PREPROCESSOR_DEFINITIONS = (
					"DEBUG=1",
					"$(inherited)",
				);
				INFOPLIST_FILE = "SlideMenuTests/SlideMenuTests-Info.plist";
				PRODUCT_NAME = "$(TARGET_NAME)";
				TEST_HOST = "$(BUNDLE_LOADER)";
				WRAPPER_EXTENSION = xctest;
			};
			name = Debug;
		};
		787441BF18323C4C00C27912 /* Release */ = {
			isa = XCBuildConfiguration;
			buildSettings = {
				ARCHS = "$(ARCHS_STANDARD_INCLUDING_64_BIT)";
				BUNDLE_LOADER = "$(BUILT_PRODUCTS_DIR)/SlideMenu.app/SlideMenu";
				FRAMEWORK_SEARCH_PATHS = (
					"$(SDKROOT)/Developer/Library/Frameworks",
					"$(inherited)",
					"$(DEVELOPER_FRAMEWORKS_DIR)",
				);
				GCC_PRECOMPILE_PREFIX_HEADER = YES;
				GCC_PREFIX_HEADER = "SlideMenu/SlideMenu-Prefix.pch";
				INFOPLIST_FILE = "SlideMenuTests/SlideMenuTests-Info.plist";
				PRODUCT_NAME = "$(TARGET_NAME)";
				TEST_HOST = "$(BUNDLE_LOADER)";
				WRAPPER_EXTENSION = xctest;
			};
			name = Release;
		};
/* End XCBuildConfiguration section */

/* Begin XCConfigurationList section */
		7874418318323C4A00C27912 /* Build configuration list for PBXProject "SlideMenu" */ = {
			isa = XCConfigurationList;
			buildConfigurations = (
				787441B818323C4C00C27912 /* Debug */,
				787441B918323C4C00C27912 /* Release */,
			);
			defaultConfigurationIsVisible = 0;
			defaultConfigurationName = Release;
		};
		787441BA18323C4C00C27912 /* Build configuration list for PBXNativeTarget "SlideMenu" */ = {
			isa = XCConfigurationList;
			buildConfigurations = (
				787441BB18323C4C00C27912 /* Debug */,
				787441BC18323C4C00C27912 /* Release */,
			);
			defaultConfigurationIsVisible = 0;
		};
		787441BD18323C4C00C27912 /* Build configuration list for PBXNativeTarget "SlideMenuTests" */ = {
			isa = XCConfigurationList;
			buildConfigurations = (
				787441BE18323C4C00C27912 /* Debug */,
				787441BF18323C4C00C27912 /* Release */,
			);
			defaultConfigurationIsVisible = 0;
		};
/* End XCConfigurationList section */
	};
	rootObject = 7874418018323C4A00C27912 /* Project object */;
}
